
Microsoft Visual Studio Solution File, Format Version 12.00
# Visual Studio 15
VisualStudioVersion = 15.0.26124.0
MinimumVisualStudioVersion = 15.0.26124.0
Project("{FAE04EC0-301F-11D3-BF4B-00C04F79EFBC}") = "ihcclient", "ihcclient\ihcclient.csproj", "{4E534782-2954-45D1-9014-5CEC5A937ED2}"
EndProject
Project("{FAE04EC0-301F-11D3-BF4B-00C04F79EFBC}") = "ihcclient_tests", "ihcclient_tests\ihcclient_tests.csproj", "{0CE61E7A-A37C-4EE1-91FB-855CF835CA73}"
EndProject
Project("{FAE04EC0-301F-11D3-BF4B-00C04F79EFBC}") = "ihcclient_example1", "ihcclient_example1\example.csproj", "{150FA22C-3FE9-4FB7-A5AE-8DAF71920A2E}"
EndProject
Project("{FAE04EC0-301F-11D3-BF4B-00C04F79EFBC}") = "ihcclient_example2", "ihcclient_example2\example.csproj", "{7B3B6760-4A90-4032-95FC-8E3F48143DB0}"
EndProject
Project("{FAE04EC0-301F-11D3-BF4B-00C04F79EFBC}") = "ihcprojectextractor", "ihcproject_io_extractor\ihcprojectextractor.csproj", "{0B17A511-7F8B-4C05-8765-7EAE8544039A}"
EndProject
Global
	GlobalSection(SolutionConfigurationPlatforms) = preSolution
		Debug|Any CPU = Debug|Any CPU
		Debug|x64 = Debug|x64
		Debug|x86 = Debug|x86
		Release|Any CPU = Release|Any CPU
		Release|x64 = Release|x64
		Release|x86 = Release|x86
	EndGlobalSection
	GlobalSection(SolutionProperties) = preSolution
		HideSolutionNode = FALSE
	EndGlobalSection
	GlobalSection(ProjectConfigurationPlatforms) = postSolution
		{4E534782-2954-45D1-9014-5CEC5A937ED2}.Debug|Any CPU.ActiveCfg = Debug|Any CPU
		{4E534782-2954-45D1-9014-5CEC5A937ED2}.Debug|Any CPU.Build.0 = Debug|Any CPU
		{4E534782-2954-45D1-9014-5CEC5A937ED2}.Debug|x64.ActiveCfg = Debug|Any CPU
		{4E534782-2954-45D1-9014-5CEC5A937ED2}.Debug|x64.Build.0 = Debug|Any CPU
		{4E534782-2954-45D1-9014-5CEC5A937ED2}.Debug|x86.ActiveCfg = Debug|Any CPU
		{4E534782-2954-45D1-9014-5CEC5A937ED2}.Debug|x86.Build.0 = Debug|Any CPU
		{4E534782-2954-45D1-9014-5CEC5A937ED2}.Release|Any CPU.ActiveCfg = Release|Any CPU
		{4E534782-2954-45D1-9014-5CEC5A937ED2}.Release|Any CPU.Build.0 = Release|Any CPU
		{4E534782-2954-45D1-9014-5CEC5A937ED2}.Release|x64.ActiveCfg = Release|Any CPU
		{4E534782-2954-45D1-9014-5CEC5A937ED2}.Release|x64.Build.0 = Release|Any CPU
		{4E534782-2954-45D1-9014-5CEC5A937ED2}.Release|x86.ActiveCfg = Release|Any CPU
		{4E534782-2954-45D1-9014-5CEC5A937ED2}.Release|x86.Build.0 = Release|Any CPU
		{322B6859-80A6-4469-AF04-C944D0F68FF7}.Debug|Any CPU.ActiveCfg = Debug|Any CPU
		{322B6859-80A6-4469-AF04-C944D0F68FF7}.Debug|Any CPU.Build.0 = Debug|Any CPU
		{322B6859-80A6-4469-AF04-C944D0F68FF7}.Debug|x64.ActiveCfg = Debug|Any CPU
		{322B6859-80A6-4469-AF04-C944D0F68FF7}.Debug|x64.Build.0 = Debug|Any CPU
		{322B6859-80A6-4469-AF04-C944D0F68FF7}.Debug|x86.ActiveCfg = Debug|Any CPU
		{322B6859-80A6-4469-AF04-C944D0F68FF7}.Debug|x86.Build.0 = Debug|Any CPU
		{322B6859-80A6-4469-AF04-C944D0F68FF7}.Release|Any CPU.ActiveCfg = Release|Any CPU
		{322B6859-80A6-4469-AF04-C944D0F68FF7}.Release|Any CPU.Build.0 = Release|Any CPU
		{322B6859-80A6-4469-AF04-C944D0F68FF7}.Release|x64.ActiveCfg = Release|Any CPU
		{322B6859-80A6-4469-AF04-C944D0F68FF7}.Release|x64.Build.0 = Release|Any CPU
		{322B6859-80A6-4469-AF04-C944D0F68FF7}.Release|x86.ActiveCfg = Release|Any CPU
		{322B6859-80A6-4469-AF04-C944D0F68FF7}.Release|x86.Build.0 = Release|Any CPU
		{18498582-A9A9-4736-A940-3B3F456039E2}.Debug|Any CPU.ActiveCfg = Debug|Any CPU
		{18498582-A9A9-4736-A940-3B3F456039E2}.Debug|Any CPU.Build.0 = Debug|Any CPU
		{18498582-A9A9-4736-A940-3B3F456039E2}.Debug|x64.ActiveCfg = Debug|Any CPU
		{18498582-A9A9-4736-A940-3B3F456039E2}.Debug|x64.Build.0 = Debug|Any CPU
		{18498582-A9A9-4736-A940-3B3F456039E2}.Debug|x86.ActiveCfg = Debug|Any CPU
		{18498582-A9A9-4736-A940-3B3F456039E2}.Debug|x86.Build.0 = Debug|Any CPU
		{18498582-A9A9-4736-A940-3B3F456039E2}.Release|Any CPU.ActiveCfg = Release|Any CPU
		{18498582-A9A9-4736-A940-3B3F456039E2}.Release|Any CPU.Build.0 = Release|Any CPU
		{18498582-A9A9-4736-A940-3B3F456039E2}.Release|x64.ActiveCfg = Release|Any CPU
		{18498582-A9A9-4736-A940-3B3F456039E2}.Release|x64.Build.0 = Release|Any CPU
		{18498582-A9A9-4736-A940-3B3F456039E2}.Release|x86.ActiveCfg = Release|Any CPU
		{18498582-A9A9-4736-A940-3B3F456039E2}.Release|x86.Build.0 = Release|Any CPU
		{26F02CCB-5F81-42FD-9DF6-D472B20FB652}.Debug|Any CPU.ActiveCfg = Debug|Any CPU
		{26F02CCB-5F81-42FD-9DF6-D472B20FB652}.Debug|Any CPU.Build.0 = Debug|Any CPU
		{26F02CCB-5F81-42FD-9DF6-D472B20FB652}.Debug|x64.ActiveCfg = Debug|Any CPU
		{26F02CCB-5F81-42FD-9DF6-D472B20FB652}.Debug|x64.Build.0 = Debug|Any CPU
		{26F02CCB-5F81-42FD-9DF6-D472B20FB652}.Debug|x86.ActiveCfg = Debug|Any CPU
		{26F02CCB-5F81-42FD-9DF6-D472B20FB652}.Debug|x86.Build.0 = Debug|Any CPU
		{26F02CCB-5F81-42FD-9DF6-D472B20FB652}.Release|Any CPU.ActiveCfg = Release|Any CPU
		{26F02CCB-5F81-42FD-9DF6-D472B20FB652}.Release|Any CPU.Build.0 = Release|Any CPU
		{26F02CCB-5F81-42FD-9DF6-D472B20FB652}.Release|x64.ActiveCfg = Release|Any CPU
		{26F02CCB-5F81-42FD-9DF6-D472B20FB652}.Release|x64.Build.0 = Release|Any CPU
		{26F02CCB-5F81-42FD-9DF6-D472B20FB652}.Release|x86.ActiveCfg = Release|Any CPU
		{26F02CCB-5F81-42FD-9DF6-D472B20FB652}.Release|x86.Build.0 = Release|Any CPU
		{F0BFA430-440E-4358-B9E7-9518ED5A80EB}.Debug|Any CPU.ActiveCfg = Debug|Any CPU
		{F0BFA430-440E-4358-B9E7-9518ED5A80EB}.Debug|Any CPU.Build.0 = Debug|Any CPU
		{F0BFA430-440E-4358-B9E7-9518ED5A80EB}.Debug|x64.ActiveCfg = Debug|Any CPU
		{F0BFA430-440E-4358-B9E7-9518ED5A80EB}.Debug|x64.Build.0 = Debug|Any CPU
		{F0BFA430-440E-4358-B9E7-9518ED5A80EB}.Debug|x86.ActiveCfg = Debug|Any CPU
		{F0BFA430-440E-4358-B9E7-9518ED5A80EB}.Debug|x86.Build.0 = Debug|Any CPU
		{F0BFA430-440E-4358-B9E7-9518ED5A80EB}.Release|Any CPU.ActiveCfg = Release|Any CPU
		{F0BFA430-440E-4358-B9E7-9518ED5A80EB}.Release|Any CPU.Build.0 = Release|Any CPU
		{F0BFA430-440E-4358-B9E7-9518ED5A80EB}.Release|x64.ActiveCfg = Release|Any CPU
		{F0BFA430-440E-4358-B9E7-9518ED5A80EB}.Release|x64.Build.0 = Release|Any CPU
		{F0BFA430-440E-4358-B9E7-9518ED5A80EB}.Release|x86.ActiveCfg = Release|Any CPU
		{F0BFA430-440E-4358-B9E7-9518ED5A80EB}.Release|x86.Build.0 = Release|Any CPU
		{62A241A6-DF1B-402D-8C84-88DA597644F8}.Debug|Any CPU.ActiveCfg = Debug|Any CPU
		{62A241A6-DF1B-402D-8C84-88DA597644F8}.Debug|Any CPU.Build.0 = Debug|Any CPU
		{62A241A6-DF1B-402D-8C84-88DA597644F8}.Debug|x64.ActiveCfg = Debug|Any CPU
		{62A241A6-DF1B-402D-8C84-88DA597644F8}.Debug|x64.Build.0 = Debug|Any CPU
		{62A241A6-DF1B-402D-8C84-88DA597644F8}.Debug|x86.ActiveCfg = Debug|Any CPU
		{62A241A6-DF1B-402D-8C84-88DA597644F8}.Debug|x86.Build.0 = Debug|Any CPU
		{62A241A6-DF1B-402D-8C84-88DA597644F8}.Release|Any CPU.ActiveCfg = Release|Any CPU
		{62A241A6-DF1B-402D-8C84-88DA597644F8}.Release|Any CPU.Build.0 = Release|Any CPU
		{62A241A6-DF1B-402D-8C84-88DA597644F8}.Release|x64.ActiveCfg = Release|Any CPU
		{62A241A6-DF1B-402D-8C84-88DA597644F8}.Release|x64.Build.0 = Release|Any CPU
		{62A241A6-DF1B-402D-8C84-88DA597644F8}.Release|x86.ActiveCfg = Release|Any CPU
		{62A241A6-DF1B-402D-8C84-88DA597644F8}.Release|x86.Build.0 = Release|Any CPU
		{72091D0D-A4EA-4346-8413-2A24515DB150}.Debug|Any CPU.ActiveCfg = Debug|Any CPU
		{72091D0D-A4EA-4346-8413-2A24515DB150}.Debug|Any CPU.Build.0 = Debug|Any CPU
		{72091D0D-A4EA-4346-8413-2A24515DB150}.Debug|x64.ActiveCfg = Debug|Any CPU
		{72091D0D-A4EA-4346-8413-2A24515DB150}.Debug|x64.Build.0 = Debug|Any CPU
		{72091D0D-A4EA-4346-8413-2A24515DB150}.Debug|x86.ActiveCfg = Debug|Any CPU
		{72091D0D-A4EA-4346-8413-2A24515DB150}.Debug|x86.Build.0 = Debug|Any CPU
		{72091D0D-A4EA-4346-8413-2A24515DB150}.Release|Any CPU.ActiveCfg = Release|Any CPU
		{72091D0D-A4EA-4346-8413-2A24515DB150}.Release|Any CPU.Build.0 = Release|Any CPU
		{72091D0D-A4EA-4346-8413-2A24515DB150}.Release|x64.ActiveCfg = Release|Any CPU
		{72091D0D-A4EA-4346-8413-2A24515DB150}.Release|x64.Build.0 = Release|Any CPU
		{72091D0D-A4EA-4346-8413-2A24515DB150}.Release|x86.ActiveCfg = Release|Any CPU
		{72091D0D-A4EA-4346-8413-2A24515DB150}.Release|x86.Build.0 = Release|Any CPU
		{150FA22C-3FE9-4FB7-A5AE-8DAF71920A2E}.Debug|Any CPU.ActiveCfg = Debug|Any CPU
		{150FA22C-3FE9-4FB7-A5AE-8DAF71920A2E}.Debug|Any CPU.Build.0 = Debug|Any CPU
		{150FA22C-3FE9-4FB7-A5AE-8DAF71920A2E}.Debug|x64.ActiveCfg = Debug|Any CPU
		{150FA22C-3FE9-4FB7-A5AE-8DAF71920A2E}.Debug|x64.Build.0 = Debug|Any CPU
		{150FA22C-3FE9-4FB7-A5AE-8DAF71920A2E}.Debug|x86.ActiveCfg = Debug|Any CPU
		{150FA22C-3FE9-4FB7-A5AE-8DAF71920A2E}.Debug|x86.Build.0 = Debug|Any CPU
		{150FA22C-3FE9-4FB7-A5AE-8DAF71920A2E}.Release|Any CPU.ActiveCfg = Release|Any CPU
		{150FA22C-3FE9-4FB7-A5AE-8DAF71920A2E}.Release|Any CPU.Build.0 = Release|Any CPU
		{150FA22C-3FE9-4FB7-A5AE-8DAF71920A2E}.Release|x64.ActiveCfg = Release|Any CPU
		{150FA22C-3FE9-4FB7-A5AE-8DAF71920A2E}.Release|x64.Build.0 = Release|Any CPU
		{150FA22C-3FE9-4FB7-A5AE-8DAF71920A2E}.Release|x86.ActiveCfg = Release|Any CPU
		{150FA22C-3FE9-4FB7-A5AE-8DAF71920A2E}.Release|x86.Build.0 = Release|Any CPU
		{CED9DAAA-821F-44B6-9DE5-9661C59F2197}.Debug|Any CPU.ActiveCfg = Debug|Any CPU
		{CED9DAAA-821F-44B6-9DE5-9661C59F2197}.Debug|Any CPU.Build.0 = Debug|Any CPU
		{CED9DAAA-821F-44B6-9DE5-9661C59F2197}.Debug|x64.ActiveCfg = Debug|Any CPU
		{CED9DAAA-821F-44B6-9DE5-9661C59F2197}.Debug|x64.Build.0 = Debug|Any CPU
		{CED9DAAA-821F-44B6-9DE5-9661C59F2197}.Debug|x86.ActiveCfg = Debug|Any CPU
		{CED9DAAA-821F-44B6-9DE5-9661C59F2197}.Debug|x86.Build.0 = Debug|Any CPU
		{CED9DAAA-821F-44B6-9DE5-9661C59F2197}.Release|Any CPU.ActiveCfg = Release|Any CPU
		{CED9DAAA-821F-44B6-9DE5-9661C59F2197}.Release|Any CPU.Build.0 = Release|Any CPU
		{CED9DAAA-821F-44B6-9DE5-9661C59F2197}.Release|x64.ActiveCfg = Release|Any CPU
		{CED9DAAA-821F-44B6-9DE5-9661C59F2197}.Release|x64.Build.0 = Release|Any CPU
		{CED9DAAA-821F-44B6-9DE5-9661C59F2197}.Release|x86.ActiveCfg = Release|Any CPU
		{CED9DAAA-821F-44B6-9DE5-9661C59F2197}.Release|x86.Build.0 = Release|Any CPU
		{0B17A511-7F8B-4C05-8765-7EAE8544039A}.Debug|Any CPU.ActiveCfg = Debug|Any CPU
		{0B17A511-7F8B-4C05-8765-7EAE8544039A}.Debug|Any CPU.Build.0 = Debug|Any CPU
		{0B17A511-7F8B-4C05-8765-7EAE8544039A}.Debug|x64.ActiveCfg = Debug|Any CPU
		{0B17A511-7F8B-4C05-8765-7EAE8544039A}.Debug|x64.Build.0 = Debug|Any CPU
		{0B17A511-7F8B-4C05-8765-7EAE8544039A}.Debug|x86.ActiveCfg = Debug|Any CPU
		{0B17A511-7F8B-4C05-8765-7EAE8544039A}.Debug|x86.Build.0 = Debug|Any CPU
		{0B17A511-7F8B-4C05-8765-7EAE8544039A}.Release|Any CPU.ActiveCfg = Release|Any CPU
		{0B17A511-7F8B-4C05-8765-7EAE8544039A}.Release|Any CPU.Build.0 = Release|Any CPU
		{0B17A511-7F8B-4C05-8765-7EAE8544039A}.Release|x64.ActiveCfg = Release|Any CPU
		{0B17A511-7F8B-4C05-8765-7EAE8544039A}.Release|x64.Build.0 = Release|Any CPU
		{0B17A511-7F8B-4C05-8765-7EAE8544039A}.Release|x86.ActiveCfg = Release|Any CPU
		{0B17A511-7F8B-4C05-8765-7EAE8544039A}.Release|x86.Build.0 = Release|Any CPU
		{0CE61E7A-A37C-4EE1-91FB-855CF835CA73}.Debug|Any CPU.ActiveCfg = Debug|Any CPU
		{0CE61E7A-A37C-4EE1-91FB-855CF835CA73}.Debug|Any CPU.Build.0 = Debug|Any CPU
		{0CE61E7A-A37C-4EE1-91FB-855CF835CA73}.Debug|x64.ActiveCfg = Debug|Any CPU
		{0CE61E7A-A37C-4EE1-91FB-855CF835CA73}.Debug|x64.Build.0 = Debug|Any CPU
		{0CE61E7A-A37C-4EE1-91FB-855CF835CA73}.Debug|x86.ActiveCfg = Debug|Any CPU
		{0CE61E7A-A37C-4EE1-91FB-855CF835CA73}.Debug|x86.Build.0 = Debug|Any CPU
		{0CE61E7A-A37C-4EE1-91FB-855CF835CA73}.Release|Any CPU.ActiveCfg = Release|Any CPU
		{0CE61E7A-A37C-4EE1-91FB-855CF835CA73}.Release|Any CPU.Build.0 = Release|Any CPU
		{0CE61E7A-A37C-4EE1-91FB-855CF835CA73}.Release|x64.ActiveCfg = Release|Any CPU
		{0CE61E7A-A37C-4EE1-91FB-855CF835CA73}.Release|x64.Build.0 = Release|Any CPU
		{0CE61E7A-A37C-4EE1-91FB-855CF835CA73}.Release|x86.ActiveCfg = Release|Any CPU
		{0CE61E7A-A37C-4EE1-91FB-855CF835CA73}.Release|x86.Build.0 = Release|Any CPU
		{7B3B6760-4A90-4032-95FC-8E3F48143DB0}.Debug|Any CPU.ActiveCfg = Debug|Any CPU
		{7B3B6760-4A90-4032-95FC-8E3F48143DB0}.Debug|Any CPU.Build.0 = Debug|Any CPU
		{7B3B6760-4A90-4032-95FC-8E3F48143DB0}.Debug|x64.ActiveCfg = Debug|Any CPU
		{7B3B6760-4A90-4032-95FC-8E3F48143DB0}.Debug|x64.Build.0 = Debug|Any CPU
		{7B3B6760-4A90-4032-95FC-8E3F48143DB0}.Debug|x86.ActiveCfg = Debug|Any CPU
		{7B3B6760-4A90-4032-95FC-8E3F48143DB0}.Debug|x86.Build.0 = Debug|Any CPU
		{7B3B6760-4A90-4032-95FC-8E3F48143DB0}.Release|Any CPU.ActiveCfg = Release|Any CPU
		{7B3B6760-4A90-4032-95FC-8E3F48143DB0}.Release|Any CPU.Build.0 = Release|Any CPU
		{7B3B6760-4A90-4032-95FC-8E3F48143DB0}.Release|x64.ActiveCfg = Release|Any CPU
		{7B3B6760-4A90-4032-95FC-8E3F48143DB0}.Release|x64.Build.0 = Release|Any CPU
		{7B3B6760-4A90-4032-95FC-8E3F48143DB0}.Release|x86.ActiveCfg = Release|Any CPU
		{7B3B6760-4A90-4032-95FC-8E3F48143DB0}.Release|x86.Build.0 = Release|Any CPU
	EndGlobalSection
EndGlobal
