Microsoft Visual Studio Solution File, Format Version 12.00
# Visual Studio Version 17
VisualStudioVersion = 17.5.2.0
MinimumVisualStudioVersion = 10.0.40219.1
Project("{FAE04EC0-301F-11D3-BF4B-00C04F79EFBC}") = "httpproxyrecorder", "httpproxyrecorder.csproj", "{BFA84D3A-F6FC-5B87-1725-882EB3C5CD9A}"
EndProject
Global
	GlobalSection(SolutionConfigurationPlatforms) = preSolution
		Debug|Any CPU = Debug|Any CPU
		Release|Any CPU = Release|Any CPU
	EndGlobalSection
	GlobalSection(ProjectConfigurationPlatforms) = postSolution
		{BFA84D3A-F6FC-5B87-1725-882EB3C5CD9A}.Debug|Any CPU.ActiveCfg = Debug|Any CPU
		{BFA84D3A-F6FC-5B87-1725-882EB3C5CD9A}.Debug|Any CPU.Build.0 = Debug|Any CPU
		{BFA84D3A-F6FC-5B87-1725-882EB3C5CD9A}.Release|Any CPU.ActiveCfg = Release|Any CPU
		{BFA84D3A-F6FC-5B87-1725-882EB3C5CD9A}.Release|Any CPU.Build.0 = Release|Any CPU
	EndGlobalSection
	GlobalSection(SolutionProperties) = preSolution
		HideSolutionNode = FALSE
	EndGlobalSection
	GlobalSection(ExtensibilityGlobals) = postSolution
		SolutionGuid = {986E3BB9-110A-4EC6-981F-01AD0A0AE075}
	EndGlobalSection
EndGlobal
