Microsoft Visual Studio Solution File, Format Version 12.00
# Visual Studio Version 17
VisualStudioVersion = 17.5.2.0
MinimumVisualStudioVersion = 10.0.40219.1
Project("{FAE04EC0-301F-11D3-BF4B-00C04F79EFBC}") = "ihc_httpproxyrecorder", "ihc_httpproxyrecorder.csproj", "{73FCBFA6-83D1-7D88-8AE3-3BB9E7B8B81C}"
EndProject
Global
	GlobalSection(SolutionConfigurationPlatforms) = preSolution
		Debug|Any CPU = Debug|Any CPU
		Release|Any CPU = Release|Any CPU
	EndGlobalSection
	GlobalSection(ProjectConfigurationPlatforms) = postSolution
		{73FCBFA6-83D1-7D88-8AE3-3BB9E7B8B81C}.Debug|Any CPU.ActiveCfg = Debug|Any CPU
		{73FCBFA6-83D1-7D88-8AE3-3BB9E7B8B81C}.Debug|Any CPU.Build.0 = Debug|Any CPU
		{73FCBFA6-83D1-7D88-8AE3-3BB9E7B8B81C}.Release|Any CPU.ActiveCfg = Release|Any CPU
		{73FCBFA6-83D1-7D88-8AE3-3BB9E7B8B81C}.Release|Any CPU.Build.0 = Release|Any CPU
	EndGlobalSection
	GlobalSection(SolutionProperties) = preSolution
		HideSolutionNode = FALSE
	EndGlobalSection
	GlobalSection(ExtensibilityGlobals) = postSolution
		SolutionGuid = {3DB1EB3B-B303-4A02-88B1-6B096A41D7D1}
	EndGlobalSection
EndGlobal
